
Microsoft Visual Studio Solution File, Format Version 12.00
# Visual Studio Version 17
VisualStudioVersion = 17.11.35431.28
MinimumVisualStudioVersion = 10.0.40219.1
Project("{FAE04EC0-301F-11D3-BF4B-00C04F79EFBC}") = "demo", "demo\demo.csproj", "{C6BABE04-F43F-4E80-A3BC-1EBAB437636E}"
EndProject
Global
	GlobalSection(SolutionConfigurationPlatforms) = preSolution
		Debug|Any CPU = Debug|Any CPU
		Release|Any CPU = Release|Any CPU
	EndGlobalSection
	GlobalSection(ProjectConfigurationPlatforms) = postSolution
		{C6BABE04-F43F-4E80-A3BC-1EBAB437636E}.Debug|Any CPU.ActiveCfg = Debug|Any CPU
		{C6BABE04-F43F-4E80-A3BC-1EBAB437636E}.Debug|Any CPU.Build.0 = Debug|Any CPU
		{C6BABE04-F43F-4E80-A3BC-1EBAB437636E}.Release|Any CPU.ActiveCfg = Release|Any CPU
		{C6BABE04-F43F-4E80-A3BC-1EBAB437636E}.Release|Any CPU.Build.0 = Release|Any CPU
	EndGlobalSection
	GlobalSection(SolutionProperties) = preSolution
		HideSolutionNode = FALSE
	EndGlobalSection
	GlobalSection(ExtensibilityGlobals) = postSolution
		SolutionGuid = {64DAC613-222D-4955-8F9F-41F4210C14E0}
	EndGlobalSection
EndGlobal
